{
  "name": "vue-study",
  "lockfileVersion": 3,
  "requires": true,
  "packages": {
    "": {
      "dependencies": {
        "echarts": "^5.5.1"
      },
      "devDependencies": {
        "babel-plugin-component": "^1.1.1"
      }
    },
    "node_modules/@babel/helper-module-imports": {
      "version": "7.0.0-beta.35",
      "resolved": "https://registry.npmmirror.com/@babel/helper-module-imports/-/helper-module-imports-7.0.0-beta.35.tgz",
      "integrity": "sha512-vaC1KyIZSuyWb3Lj277fX0pxivyHwuDU4xZsofqgYAbkDxNieMg2vuhzP5AgMweMY7fCQUMTi+BgPqTLjkxXFg==",
      "dev": true,
      "dependencies": {
        "@babel/types": "7.0.0-beta.35",
        "lodash": "^4.2.0"
      }
    },
    "node_modules/@babel/helper-module-imports/node_modules/@babel/types": {
      "version": "7.0.0-beta.35",
      "resolved": "https://registry.npmmirror.com/@babel/types/-/types-7.0.0-beta.35.tgz",
      "integrity": "sha512-y9XT11CozHDgjWcTdxmhSj13rJVXpa5ZXwjjOiTedjaM0ba5ItqdS02t31EhPl7HtOWxsZkYCCUNrSfrOisA6w==",
      "dev": true,
      "dependencies": {
        "esutils": "^2.0.2",
        "lodash": "^4.2.0",
        "to-fast-properties": "^2.0.0"
      }
    },
    "node_modules/babel-plugin-component": {
      "version": "1.1.1",
      "resolved": "https://registry.npmmirror.com/babel-plugin-component/-/babel-plugin-component-1.1.1.tgz",
      "integrity": "sha512-WUw887kJf2GH80Ng/ZMctKZ511iamHNqPhd9uKo14yzisvV7Wt1EckIrb8oq/uCz3B3PpAW7Xfl7AkTLDYT6ag==",
      "dev": true,
      "dependencies": {
        "@babel/helper-module-imports": "7.0.0-beta.35"
      }
    },
    "node_modules/echarts": {
      "version": "5.5.1",
      "resolved": "https://registry.npmmirror.com/echarts/-/echarts-5.5.1.tgz",
      "integrity": "sha512-Fce8upazaAXUVUVsjgV6mBnGuqgO+JNDlcgF79Dksy4+wgGpQB2lmYoO4TSweFg/mZITdpGHomw/cNBJZj1icA==",
      "dependencies": {
        "tslib": "2.3.0",
        "zrender": "5.6.0"
      }
    },
    "node_modules/esutils": {
      "version": "2.0.3",
      "resolved": "https://registry.npmmirror.com/esutils/-/esutils-2.0.3.tgz",
      "integrity": "sha512-kVscqXk4OCp68SZ0dkgEKVi6/8ij300KBWTJq32P/dYeWTSwK41WyTxalN1eRmA5Z9UU/LX9D7FWSmV9SAYx6g==",
      "dev": true,
      "engines": {
        "node": ">=0.10.0"
      }
    },
    "node_modules/lodash": {
      "version": "4.17.21",
      "resolved": "https://registry.npmmirror.com/lodash/-/lodash-4.17.21.tgz",
      "integrity": "sha512-v2kDEe57lecTulaDIuNTPy3Ry4gLGJ6Z1O3vE1krgXZNrsQ+LFTGHVxVjcXPs17LhbZVGedAJv8XZ1tvj5FvSg==",
      "dev": true
    },
    "node_modules/to-fast-properties": {
      "version": "2.0.0",
      "dev": true,
      "license": "MIT",
      "engines": {
        "node": ">=4"
      }
    },
    "node_modules/tslib": {
      "version": "2.3.0",
      "resolved": "https://registry.npmmirror.com/tslib/-/tslib-2.3.0.tgz",
      "integrity": "sha512-N82ooyxVNm6h1riLCoyS9e3fuJ3AMG2zIZs2Gd1ATcSFjSA23Q0fzjjZeh0jbJvWVDZ0cJT8yaNNaaXHzueNjg=="
    },
    "node_modules/zrender": {
      "version": "5.6.0",
      "resolved": "https://registry.npmmirror.com/zrender/-/zrender-5.6.0.tgz",
      "integrity": "sha512-uzgraf4njmmHAbEUxMJ8Oxg+P3fT04O+9p7gY+wJRVxo8Ge+KmYv0WJev945EH4wFuc4OY2NLXz46FZrWS9xJg==",
      "dependencies": {
        "tslib": "2.3.0"
      }
    }
  }
}
